
Microsoft Visual Studio Solution File, Format Version 12.00
# Visual Studio Version 16
VisualStudioVersion = 16.0.31410.357
MinimumVisualStudioVersion = 10.0.40219.1
Project("{FAE04EC0-301F-11D3-BF4B-00C04F79EFBC}") = "GeneralStore.MVC", "GeneralStore.MVC\GeneralStore.MVC.csproj", "{33DE50D6-4912-4C16-A6F8-24247C83B7EE}"
EndProject
Global
	GlobalSection(SolutionConfigurationPlatforms) = preSolution
		Debug|Any CPU = Debug|Any CPU
		Release|Any CPU = Release|Any CPU
	EndGlobalSection
	GlobalSection(ProjectConfigurationPlatforms) = postSolution
		{33DE50D6-4912-4C16-A6F8-24247C83B7EE}.Debug|Any CPU.ActiveCfg = Debug|Any CPU
		{33DE50D6-4912-4C16-A6F8-24247C83B7EE}.Debug|Any CPU.Build.0 = Debug|Any CPU
		{33DE50D6-4912-4C16-A6F8-24247C83B7EE}.Release|Any CPU.ActiveCfg = Release|Any CPU
		{33DE50D6-4912-4C16-A6F8-24247C83B7EE}.Release|Any CPU.Build.0 = Release|Any CPU
	EndGlobalSection
	GlobalSection(SolutionProperties) = preSolution
		HideSolutionNode = FALSE
	EndGlobalSection
	GlobalSection(ExtensibilityGlobals) = postSolution
		SolutionGuid = {92579E8D-6B65-4343-ABD2-A9625EC40F05}
	EndGlobalSection
EndGlobal
